Microsoft Visual Studio Solution File, Format Version 12.00
# Visual Studio Version 17
VisualStudioVersion = 17.5.2.0
MinimumVisualStudioVersion = 10.0.40219.1
Project("{FAE04EC0-301F-11D3-BF4B-00C04F79EFBC}") = "grg_backend", "grg_backend.csproj", "{22E9990A-F418-0476-9696-23EFAE001485}"
EndProject
Global
	GlobalSection(SolutionConfigurationPlatforms) = preSolution
		Debug|Any CPU = Debug|Any CPU
		Release|Any CPU = Release|Any CPU
	EndGlobalSection
	GlobalSection(ProjectConfigurationPlatforms) = postSolution
		{22E9990A-F418-0476-9696-23EFAE001485}.Debug|Any CPU.ActiveCfg = Debug|Any CPU
		{22E9990A-F418-0476-9696-23EFAE001485}.Debug|Any CPU.Build.0 = Debug|Any CPU
		{22E9990A-F418-0476-9696-23EFAE001485}.Release|Any CPU.ActiveCfg = Release|Any CPU
		{22E9990A-F418-0476-9696-23EFAE001485}.Release|Any CPU.Build.0 = Release|Any CPU
	EndGlobalSection
	GlobalSection(SolutionProperties) = preSolution
		HideSolutionNode = FALSE
	EndGlobalSection
	GlobalSection(ExtensibilityGlobals) = postSolution
		SolutionGuid = {0906DE3C-298D-4613-A81A-B01800C395E5}
	EndGlobalSection
EndGlobal
